
Microsoft Visual Studio Solution File, Format Version 12.00
# Visual Studio Version 16
VisualStudioVersion = 16.0.28922.388
MinimumVisualStudioVersion = 10.0.40219.1
Project("{FAE04EC0-301F-11D3-BF4B-00C04F79EFBC}") = "shopSU.Common", "shopSU.Common\shopSU.Common.csproj", "{91F33955-96B5-4A45-855B-FAAD4CF0C08A}"
EndProject
Project("{2150E333-8FDC-42A3-9474-1A3956D46DE8}") = "BackEnd", "BackEnd", "{8A0360EC-368C-4C3C-B68B-62C00AA905ED}"
EndProject
Project("{2150E333-8FDC-42A3-9474-1A3956D46DE8}") = "FromEnd", "FromEnd", "{14C8204F-6980-48BD-942F-F99DB74756AC}"
EndProject
Project("{FAE04EC0-301F-11D3-BF4B-00C04F79EFBC}") = "shopSU.Web", "shopSU.Web\shopSU.Web.csproj", "{AB09C189-E8B3-4CC3-B9F0-09899B5B9225}"
EndProject
Project("{2150E333-8FDC-42A3-9474-1A3956D46DE8}") = "Forms", "Forms", "{7D3DDA16-A7BD-49AB-B71A-E70A374D1B36}"
EndProject
Project("{2150E333-8FDC-42A3-9474-1A3956D46DE8}") = "Classic", "Classic", "{A7155FD0-E715-44E2-8FD1-D55A5F4256BA}"
EndProject
Project("{FAE04EC0-301F-11D3-BF4B-00C04F79EFBC}") = "shopSU.UIForms.Android", "shopSU.UIForms\shopSU.UIForms.Android\shopSU.UIForms.Android.csproj", "{8D87BBA1-63E2-4E50-98D0-D65332E37A12}"
EndProject
Project("{FAE04EC0-301F-11D3-BF4B-00C04F79EFBC}") = "shopSU.UIForms.iOS", "shopSU.UIForms\shopSU.UIForms.iOS\shopSU.UIForms.iOS.csproj", "{F4C67E49-930D-4091-88D3-5FCB5B7B0D68}"
EndProject
Project("{FAE04EC0-301F-11D3-BF4B-00C04F79EFBC}") = "shopSU.UIForms", "shopSU.UIForms\shopSU.UIForms\shopSU.UIForms.csproj", "{8054AA25-41FB-4164-BABA-9FE9F248B94D}"
EndProject
Project("{FAE04EC0-301F-11D3-BF4B-00C04F79EFBC}") = "shopSU.UIClassic", "shopSU.UIClassic\shopSU.UIClassic.csproj", "{9F68D3C1-4218-40B7-88B7-0FEC568102C5}"
EndProject
Project("{FAE04EC0-301F-11D3-BF4B-00C04F79EFBC}") = "shopSU.ClassicAndroir", "shopSU.ClassicAndroir\shopSU.ClassicAndroir.csproj", "{009F7FF5-ECC0-41C4-B4B1-CF3F39A1BDE4}"
EndProject
Project("{FAE04EC0-301F-11D3-BF4B-00C04F79EFBC}") = "shopSU.ClassicIOS", "shopSU.ClassicIOS\shopSU.ClassicIOS.csproj", "{7219006A-B41F-4536-A764-19B6E9A19E24}"
EndProject
Global
	GlobalSection(SolutionConfigurationPlatforms) = preSolution
		Debug|Any CPU = Debug|Any CPU
		Debug|iPhone = Debug|iPhone
		Debug|iPhoneSimulator = Debug|iPhoneSimulator
		Release|Any CPU = Release|Any CPU
		Release|iPhone = Release|iPhone
		Release|iPhoneSimulator = Release|iPhoneSimulator
	EndGlobalSection
	GlobalSection(ProjectConfigurationPlatforms) = postSolution
		{91F33955-96B5-4A45-855B-FAAD4CF0C08A}.Debug|Any CPU.ActiveCfg = Debug|Any CPU
		{91F33955-96B5-4A45-855B-FAAD4CF0C08A}.Debug|Any CPU.Build.0 = Debug|Any CPU
		{91F33955-96B5-4A45-855B-FAAD4CF0C08A}.Debug|iPhone.ActiveCfg = Debug|Any CPU
		{91F33955-96B5-4A45-855B-FAAD4CF0C08A}.Debug|iPhone.Build.0 = Debug|Any CPU
		{91F33955-96B5-4A45-855B-FAAD4CF0C08A}.Debug|iPhoneSimulator.ActiveCfg = Debug|Any CPU
		{91F33955-96B5-4A45-855B-FAAD4CF0C08A}.Debug|iPhoneSimulator.Build.0 = Debug|Any CPU
		{91F33955-96B5-4A45-855B-FAAD4CF0C08A}.Release|Any CPU.ActiveCfg = Release|Any CPU
		{91F33955-96B5-4A45-855B-FAAD4CF0C08A}.Release|Any CPU.Build.0 = Release|Any CPU
		{91F33955-96B5-4A45-855B-FAAD4CF0C08A}.Release|iPhone.ActiveCfg = Release|Any CPU
		{91F33955-96B5-4A45-855B-FAAD4CF0C08A}.Release|iPhone.Build.0 = Release|Any CPU
		{91F33955-96B5-4A45-855B-FAAD4CF0C08A}.Release|iPhoneSimulator.ActiveCfg = Release|Any CPU
		{91F33955-96B5-4A45-855B-FAAD4CF0C08A}.Release|iPhoneSimulator.Build.0 = Release|Any CPU
		{AB09C189-E8B3-4CC3-B9F0-09899B5B9225}.Debug|Any CPU.ActiveCfg = Debug|Any CPU
		{AB09C189-E8B3-4CC3-B9F0-09899B5B9225}.Debug|Any CPU.Build.0 = Debug|Any CPU
		{AB09C189-E8B3-4CC3-B9F0-09899B5B9225}.Debug|iPhone.ActiveCfg = Debug|Any CPU
		{AB09C189-E8B3-4CC3-B9F0-09899B5B9225}.Debug|iPhone.Build.0 = Debug|Any CPU
		{AB09C189-E8B3-4CC3-B9F0-09899B5B9225}.Debug|iPhoneSimulator.ActiveCfg = Debug|Any CPU
		{AB09C189-E8B3-4CC3-B9F0-09899B5B9225}.Debug|iPhoneSimulator.Build.0 = Debug|Any CPU
		{AB09C189-E8B3-4CC3-B9F0-09899B5B9225}.Release|Any CPU.ActiveCfg = Release|Any CPU
		{AB09C189-E8B3-4CC3-B9F0-09899B5B9225}.Release|Any CPU.Build.0 = Release|Any CPU
		{AB09C189-E8B3-4CC3-B9F0-09899B5B9225}.Release|iPhone.ActiveCfg = Release|Any CPU
		{AB09C189-E8B3-4CC3-B9F0-09899B5B9225}.Release|iPhone.Build.0 = Release|Any CPU
		{AB09C189-E8B3-4CC3-B9F0-09899B5B9225}.Release|iPhoneSimulator.ActiveCfg = Release|Any CPU
		{AB09C189-E8B3-4CC3-B9F0-09899B5B9225}.Release|iPhoneSimulator.Build.0 = Release|Any CPU
		{8D87BBA1-63E2-4E50-98D0-D65332E37A12}.Debug|Any CPU.ActiveCfg = Debug|Any CPU
		{8D87BBA1-63E2-4E50-98D0-D65332E37A12}.Debug|Any CPU.Build.0 = Debug|Any CPU
		{8D87BBA1-63E2-4E50-98D0-D65332E37A12}.Debug|Any CPU.Deploy.0 = Debug|Any CPU
		{8D87BBA1-63E2-4E50-98D0-D65332E37A12}.Debug|iPhone.ActiveCfg = Debug|Any CPU
		{8D87BBA1-63E2-4E50-98D0-D65332E37A12}.Debug|iPhone.Build.0 = Debug|Any CPU
		{8D87BBA1-63E2-4E50-98D0-D65332E37A12}.Debug|iPhone.Deploy.0 = Debug|Any CPU
		{8D87BBA1-63E2-4E50-98D0-D65332E37A12}.Debug|iPhoneSimulator.ActiveCfg = Debug|Any CPU
		{8D87BBA1-63E2-4E50-98D0-D65332E37A12}.Debug|iPhoneSimulator.Build.0 = Debug|Any CPU
		{8D87BBA1-63E2-4E50-98D0-D65332E37A12}.Debug|iPhoneSimulator.Deploy.0 = Debug|Any CPU
		{8D87BBA1-63E2-4E50-98D0-D65332E37A12}.Release|Any CPU.ActiveCfg = Release|Any CPU
		{8D87BBA1-63E2-4E50-98D0-D65332E37A12}.Release|Any CPU.Build.0 = Release|Any CPU
		{8D87BBA1-63E2-4E50-98D0-D65332E37A12}.Release|Any CPU.Deploy.0 = Release|Any CPU
		{8D87BBA1-63E2-4E50-98D0-D65332E37A12}.Release|iPhone.ActiveCfg = Release|Any CPU
		{8D87BBA1-63E2-4E50-98D0-D65332E37A12}.Release|iPhone.Build.0 = Release|Any CPU
		{8D87BBA1-63E2-4E50-98D0-D65332E37A12}.Release|iPhone.Deploy.0 = Release|Any CPU
		{8D87BBA1-63E2-4E50-98D0-D65332E37A12}.Release|iPhoneSimulator.ActiveCfg = Release|Any CPU
		{8D87BBA1-63E2-4E50-98D0-D65332E37A12}.Release|iPhoneSimulator.Build.0 = Release|Any CPU
		{8D87BBA1-63E2-4E50-98D0-D65332E37A12}.Release|iPhoneSimulator.Deploy.0 = Release|Any CPU
		{F4C67E49-930D-4091-88D3-5FCB5B7B0D68}.Debug|Any CPU.ActiveCfg = Debug|iPhone
		{F4C67E49-930D-4091-88D3-5FCB5B7B0D68}.Debug|iPhone.ActiveCfg = Debug|iPhone
		{F4C67E49-930D-4091-88D3-5FCB5B7B0D68}.Debug|iPhone.Build.0 = Debug|iPhone
		{F4C67E49-930D-4091-88D3-5FCB5B7B0D68}.Debug|iPhoneSimulator.ActiveCfg = Debug|iPhoneSimulator
		{F4C67E49-930D-4091-88D3-5FCB5B7B0D68}.Debug|iPhoneSimulator.Build.0 = Debug|iPhoneSimulator
		{F4C67E49-930D-4091-88D3-5FCB5B7B0D68}.Release|Any CPU.ActiveCfg = Release|iPhone
		{F4C67E49-930D-4091-88D3-5FCB5B7B0D68}.Release|iPhone.ActiveCfg = Release|iPhone
		{F4C67E49-930D-4091-88D3-5FCB5B7B0D68}.Release|iPhone.Build.0 = Release|iPhone
		{F4C67E49-930D-4091-88D3-5FCB5B7B0D68}.Release|iPhoneSimulator.ActiveCfg = Release|iPhoneSimulator
		{F4C67E49-930D-4091-88D3-5FCB5B7B0D68}.Release|iPhoneSimulator.Build.0 = Release|iPhoneSimulator
		{8054AA25-41FB-4164-BABA-9FE9F248B94D}.Debug|Any CPU.ActiveCfg = Debug|Any CPU
		{8054AA25-41FB-4164-BABA-9FE9F248B94D}.Debug|Any CPU.Build.0 = Debug|Any CPU
		{8054AA25-41FB-4164-BABA-9FE9F248B94D}.Debug|iPhone.ActiveCfg = Debug|Any CPU
		{8054AA25-41FB-4164-BABA-9FE9F248B94D}.Debug|iPhone.Build.0 = Debug|Any CPU
		{8054AA25-41FB-4164-BABA-9FE9F248B94D}.Debug|iPhoneSimulator.ActiveCfg = Debug|Any CPU
		{8054AA25-41FB-4164-BABA-9FE9F248B94D}.Debug|iPhoneSimulator.Build.0 = Debug|Any CPU
		{8054AA25-41FB-4164-BABA-9FE9F248B94D}.Release|Any CPU.ActiveCfg = Release|Any CPU
		{8054AA25-41FB-4164-BABA-9FE9F248B94D}.Release|Any CPU.Build.0 = Release|Any CPU
		{8054AA25-41FB-4164-BABA-9FE9F248B94D}.Release|iPhone.ActiveCfg = Release|Any CPU
		{8054AA25-41FB-4164-BABA-9FE9F248B94D}.Release|iPhone.Build.0 = Release|Any CPU
		{8054AA25-41FB-4164-BABA-9FE9F248B94D}.Release|iPhoneSimulator.ActiveCfg = Release|Any CPU
		{8054AA25-41FB-4164-BABA-9FE9F248B94D}.Release|iPhoneSimulator.Build.0 = Release|Any CPU
		{9F68D3C1-4218-40B7-88B7-0FEC568102C5}.Debug|Any CPU.ActiveCfg = Debug|Any CPU
		{9F68D3C1-4218-40B7-88B7-0FEC568102C5}.Debug|Any CPU.Build.0 = Debug|Any CPU
		{9F68D3C1-4218-40B7-88B7-0FEC568102C5}.Debug|iPhone.ActiveCfg = Debug|Any CPU
		{9F68D3C1-4218-40B7-88B7-0FEC568102C5}.Debug|iPhone.Build.0 = Debug|Any CPU
		{9F68D3C1-4218-40B7-88B7-0FEC568102C5}.Debug|iPhoneSimulator.ActiveCfg = Debug|Any CPU
		{9F68D3C1-4218-40B7-88B7-0FEC568102C5}.Debug|iPhoneSimulator.Build.0 = Debug|Any CPU
		{9F68D3C1-4218-40B7-88B7-0FEC568102C5}.Release|Any CPU.ActiveCfg = Release|Any CPU
		{9F68D3C1-4218-40B7-88B7-0FEC568102C5}.Release|Any CPU.Build.0 = Release|Any CPU
		{9F68D3C1-4218-40B7-88B7-0FEC568102C5}.Release|iPhone.ActiveCfg = Release|Any CPU
		{9F68D3C1-4218-40B7-88B7-0FEC568102C5}.Release|iPhone.Build.0 = Release|Any CPU
		{9F68D3C1-4218-40B7-88B7-0FEC568102C5}.Release|iPhoneSimulator.ActiveCfg = Release|Any CPU
		{9F68D3C1-4218-40B7-88B7-0FEC568102C5}.Release|iPhoneSimulator.Build.0 = Release|Any CPU
		{009F7FF5-ECC0-41C4-B4B1-CF3F39A1BDE4}.Debug|Any CPU.ActiveCfg = Debug|Any CPU
		{009F7FF5-ECC0-41C4-B4B1-CF3F39A1BDE4}.Debug|Any CPU.Build.0 = Debug|Any CPU
		{009F7FF5-ECC0-41C4-B4B1-CF3F39A1BDE4}.Debug|Any CPU.Deploy.0 = Debug|Any CPU
		{009F7FF5-ECC0-41C4-B4B1-CF3F39A1BDE4}.Debug|iPhone.ActiveCfg = Debug|Any CPU
		{009F7FF5-ECC0-41C4-B4B1-CF3F39A1BDE4}.Debug|iPhone.Build.0 = Debug|Any CPU
		{009F7FF5-ECC0-41C4-B4B1-CF3F39A1BDE4}.Debug|iPhone.Deploy.0 = Debug|Any CPU
		{009F7FF5-ECC0-41C4-B4B1-CF3F39A1BDE4}.Debug|iPhoneSimulator.ActiveCfg = Debug|Any CPU
		{009F7FF5-ECC0-41C4-B4B1-CF3F39A1BDE4}.Debug|iPhoneSimulator.Build.0 = Debug|Any CPU
		{009F7FF5-ECC0-41C4-B4B1-CF3F39A1BDE4}.Debug|iPhoneSimulator.Deploy.0 = Debug|Any CPU
		{009F7FF5-ECC0-41C4-B4B1-CF3F39A1BDE4}.Release|Any CPU.ActiveCfg = Release|Any CPU
		{009F7FF5-ECC0-41C4-B4B1-CF3F39A1BDE4}.Release|Any CPU.Build.0 = Release|Any CPU
		{009F7FF5-ECC0-41C4-B4B1-CF3F39A1BDE4}.Release|Any CPU.Deploy.0 = Release|Any CPU
		{009F7FF5-ECC0-41C4-B4B1-CF3F39A1BDE4}.Release|iPhone.ActiveCfg = Release|Any CPU
		{009F7FF5-ECC0-41C4-B4B1-CF3F39A1BDE4}.Release|iPhone.Build.0 = Release|Any CPU
		{009F7FF5-ECC0-41C4-B4B1-CF3F39A1BDE4}.Release|iPhone.Deploy.0 = Release|Any CPU
		{009F7FF5-ECC0-41C4-B4B1-CF3F39A1BDE4}.Release|iPhoneSimulator.ActiveCfg = Release|Any CPU
		{009F7FF5-ECC0-41C4-B4B1-CF3F39A1BDE4}.Release|iPhoneSimulator.Build.0 = Release|Any CPU
		{009F7FF5-ECC0-41C4-B4B1-CF3F39A1BDE4}.Release|iPhoneSimulator.Deploy.0 = Release|Any CPU
		{7219006A-B41F-4536-A764-19B6E9A19E24}.Debug|Any CPU.ActiveCfg = Debug|iPhone
		{7219006A-B41F-4536-A764-19B6E9A19E24}.Debug|iPhone.ActiveCfg = Debug|iPhone
		{7219006A-B41F-4536-A764-19B6E9A19E24}.Debug|iPhone.Build.0 = Debug|iPhone
		{7219006A-B41F-4536-A764-19B6E9A19E24}.Debug|iPhoneSimulator.ActiveCfg = Debug|iPhoneSimulator
		{7219006A-B41F-4536-A764-19B6E9A19E24}.Debug|iPhoneSimulator.Build.0 = Debug|iPhoneSimulator
		{7219006A-B41F-4536-A764-19B6E9A19E24}.Release|Any CPU.ActiveCfg = Release|iPhone
		{7219006A-B41F-4536-A764-19B6E9A19E24}.Release|iPhone.ActiveCfg = Release|iPhone
		{7219006A-B41F-4536-A764-19B6E9A19E24}.Release|iPhone.Build.0 = Release|iPhone
		{7219006A-B41F-4536-A764-19B6E9A19E24}.Release|iPhoneSimulator.ActiveCfg = Release|iPhoneSimulator
		{7219006A-B41F-4536-A764-19B6E9A19E24}.Release|iPhoneSimulator.Build.0 = Release|iPhoneSimulator
	EndGlobalSection
	GlobalSection(SolutionProperties) = preSolution
		HideSolutionNode = FALSE
	EndGlobalSection
	GlobalSection(NestedProjects) = preSolution
		{AB09C189-E8B3-4CC3-B9F0-09899B5B9225} = {8A0360EC-368C-4C3C-B68B-62C00AA905ED}
		{7D3DDA16-A7BD-49AB-B71A-E70A374D1B36} = {14C8204F-6980-48BD-942F-F99DB74756AC}
		{A7155FD0-E715-44E2-8FD1-D55A5F4256BA} = {14C8204F-6980-48BD-942F-F99DB74756AC}
		{8D87BBA1-63E2-4E50-98D0-D65332E37A12} = {7D3DDA16-A7BD-49AB-B71A-E70A374D1B36}
		{F4C67E49-930D-4091-88D3-5FCB5B7B0D68} = {7D3DDA16-A7BD-49AB-B71A-E70A374D1B36}
		{8054AA25-41FB-4164-BABA-9FE9F248B94D} = {7D3DDA16-A7BD-49AB-B71A-E70A374D1B36}
		{9F68D3C1-4218-40B7-88B7-0FEC568102C5} = {A7155FD0-E715-44E2-8FD1-D55A5F4256BA}
		{009F7FF5-ECC0-41C4-B4B1-CF3F39A1BDE4} = {A7155FD0-E715-44E2-8FD1-D55A5F4256BA}
		{7219006A-B41F-4536-A764-19B6E9A19E24} = {A7155FD0-E715-44E2-8FD1-D55A5F4256BA}
	EndGlobalSection
	GlobalSection(ExtensibilityGlobals) = postSolution
		SolutionGuid = {441296E8-5530-4D31-A06A-62168DCBD7A4}
	EndGlobalSection
EndGlobal
